
Microsoft Visual Studio Solution File, Format Version 12.00
# Visual Studio 15
VisualStudioVersion = 15.0.28307.329
MinimumVisualStudioVersion = 10.0.40219.1
Project("{FAE04EC0-301F-11D3-BF4B-00C04F79EFBC}") = "TcNo-Transcoder", "TcNo-Transcoder\TcNo-Transcoder.csproj", "{77EA9E78-DF88-4C49-B91C-2ECAEEF4ECAD}"
EndProject
Global
	GlobalSection(SolutionConfigurationPlatforms) = preSolution
		Debug|Any CPU = Debug|Any CPU
		Release|Any CPU = Release|Any CPU
	EndGlobalSection
	GlobalSection(ProjectConfigurationPlatforms) = postSolution
		{77EA9E78-DF88-4C49-B91C-2ECAEEF4ECAD}.Debug|Any CPU.ActiveCfg = Debug|Any CPU
		{77EA9E78-DF88-4C49-B91C-2ECAEEF4ECAD}.Debug|Any CPU.Build.0 = Debug|Any CPU
		{77EA9E78-DF88-4C49-B91C-2ECAEEF4ECAD}.Release|Any CPU.ActiveCfg = Release|Any CPU
		{77EA9E78-DF88-4C49-B91C-2ECAEEF4ECAD}.Release|Any CPU.Build.0 = Release|Any CPU
	EndGlobalSection
	GlobalSection(SolutionProperties) = preSolution
		HideSolutionNode = FALSE
	EndGlobalSection
	GlobalSection(ExtensibilityGlobals) = postSolution
		SolutionGuid = {585EAACF-6E22-433D-B9D1-79E1D7149838}
	EndGlobalSection
EndGlobal
